
Microsoft Visual Studio Solution File, Format Version 12.00
# Visual Studio Version 16
VisualStudioVersion = 16.0.29418.71
MinimumVisualStudioVersion = 10.0.40219.1
Project("{FAE04EC0-301F-11D3-BF4B-00C04F79EFBC}") = "TweetSentimentApp.UWP", "TweetSentimentApp\TweetSentimentApp.UWP\TweetSentimentApp.UWP.csproj", "{59F2F83C-D893-4495-8E4F-BF922F5A61C5}"
EndProject
Project("{FAE04EC0-301F-11D3-BF4B-00C04F79EFBC}") = "TweetSentimentApp.Android", "TweetSentimentApp\TweetSentimentApp.Android\TweetSentimentApp.Android.csproj", "{8B11AE18-E702-4E50-B2CB-EBE295D43AE7}"
EndProject
Project("{FAE04EC0-301F-11D3-BF4B-00C04F79EFBC}") = "TweetSentimentApp.iOS", "TweetSentimentApp\TweetSentimentApp.iOS\TweetSentimentApp.iOS.csproj", "{2B52DC98-F05E-4E32-B4AF-8ECCFF2403EF}"
EndProject
Project("{FAE04EC0-301F-11D3-BF4B-00C04F79EFBC}") = "TweetSentimentApp", "TweetSentimentApp\TweetSentimentApp\TweetSentimentApp.csproj", "{9C6642B6-F3BA-4E8C-811E-849EF815B5B2}"
EndProject
Project("{9A19103F-16F7-4668-BE54-9A1E7A4F7556}") = "TweetSentimentAppML.Model", "TweetSentimentAppML.Model\TweetSentimentAppML.Model.csproj", "{9E9F4EF2-5E25-4C56-BA57-401ACCB35461}"
EndProject
Project("{9A19103F-16F7-4668-BE54-9A1E7A4F7556}") = "TweetSentimentAppML.ConsoleApp", "TweetSentimentAppML.ConsoleApp\TweetSentimentAppML.ConsoleApp.csproj", "{306799DD-B876-4A49-9649-8F54E2D8BD58}"
EndProject
Global
	GlobalSection(SolutionConfigurationPlatforms) = preSolution
		Debug|Any CPU = Debug|Any CPU
		Debug|ARM = Debug|ARM
		Debug|iPhone = Debug|iPhone
		Debug|iPhoneSimulator = Debug|iPhoneSimulator
		Debug|x64 = Debug|x64
		Debug|x86 = Debug|x86
		Release|Any CPU = Release|Any CPU
		Release|ARM = Release|ARM
		Release|iPhone = Release|iPhone
		Release|iPhoneSimulator = Release|iPhoneSimulator
		Release|x64 = Release|x64
		Release|x86 = Release|x86
	EndGlobalSection
	GlobalSection(ProjectConfigurationPlatforms) = postSolution
		{59F2F83C-D893-4495-8E4F-BF922F5A61C5}.Debug|Any CPU.ActiveCfg = Debug|x86
		{59F2F83C-D893-4495-8E4F-BF922F5A61C5}.Debug|Any CPU.Build.0 = Debug|x86
		{59F2F83C-D893-4495-8E4F-BF922F5A61C5}.Debug|Any CPU.Deploy.0 = Debug|x86
		{59F2F83C-D893-4495-8E4F-BF922F5A61C5}.Debug|ARM.ActiveCfg = Debug|ARM
		{59F2F83C-D893-4495-8E4F-BF922F5A61C5}.Debug|ARM.Build.0 = Debug|ARM
		{59F2F83C-D893-4495-8E4F-BF922F5A61C5}.Debug|ARM.Deploy.0 = Debug|ARM
		{59F2F83C-D893-4495-8E4F-BF922F5A61C5}.Debug|iPhone.ActiveCfg = Debug|x86
		{59F2F83C-D893-4495-8E4F-BF922F5A61C5}.Debug|iPhone.Build.0 = Debug|x86
		{59F2F83C-D893-4495-8E4F-BF922F5A61C5}.Debug|iPhone.Deploy.0 = Debug|x86
		{59F2F83C-D893-4495-8E4F-BF922F5A61C5}.Debug|iPhoneSimulator.ActiveCfg = Debug|x86
		{59F2F83C-D893-4495-8E4F-BF922F5A61C5}.Debug|iPhoneSimulator.Build.0 = Debug|x86
		{59F2F83C-D893-4495-8E4F-BF922F5A61C5}.Debug|iPhoneSimulator.Deploy.0 = Debug|x86
		{59F2F83C-D893-4495-8E4F-BF922F5A61C5}.Debug|x64.ActiveCfg = Debug|x64
		{59F2F83C-D893-4495-8E4F-BF922F5A61C5}.Debug|x64.Build.0 = Debug|x64
		{59F2F83C-D893-4495-8E4F-BF922F5A61C5}.Debug|x64.Deploy.0 = Debug|x64
		{59F2F83C-D893-4495-8E4F-BF922F5A61C5}.Debug|x86.ActiveCfg = Debug|x86
		{59F2F83C-D893-4495-8E4F-BF922F5A61C5}.Debug|x86.Build.0 = Debug|x86
		{59F2F83C-D893-4495-8E4F-BF922F5A61C5}.Debug|x86.Deploy.0 = Debug|x86
		{59F2F83C-D893-4495-8E4F-BF922F5A61C5}.Release|Any CPU.ActiveCfg = Release|x86
		{59F2F83C-D893-4495-8E4F-BF922F5A61C5}.Release|Any CPU.Build.0 = Release|x86
		{59F2F83C-D893-4495-8E4F-BF922F5A61C5}.Release|Any CPU.Deploy.0 = Release|x86
		{59F2F83C-D893-4495-8E4F-BF922F5A61C5}.Release|ARM.ActiveCfg = Release|ARM
		{59F2F83C-D893-4495-8E4F-BF922F5A61C5}.Release|ARM.Build.0 = Release|ARM
		{59F2F83C-D893-4495-8E4F-BF922F5A61C5}.Release|ARM.Deploy.0 = Release|ARM
		{59F2F83C-D893-4495-8E4F-BF922F5A61C5}.Release|iPhone.ActiveCfg = Release|x86
		{59F2F83C-D893-4495-8E4F-BF922F5A61C5}.Release|iPhone.Build.0 = Release|x86
		{59F2F83C-D893-4495-8E4F-BF922F5A61C5}.Release|iPhone.Deploy.0 = Release|x86
		{59F2F83C-D893-4495-8E4F-BF922F5A61C5}.Release|iPhoneSimulator.ActiveCfg = Release|x86
		{59F2F83C-D893-4495-8E4F-BF922F5A61C5}.Release|iPhoneSimulator.Build.0 = Release|x86
		{59F2F83C-D893-4495-8E4F-BF922F5A61C5}.Release|iPhoneSimulator.Deploy.0 = Release|x86
		{59F2F83C-D893-4495-8E4F-BF922F5A61C5}.Release|x64.ActiveCfg = Release|x64
		{59F2F83C-D893-4495-8E4F-BF922F5A61C5}.Release|x64.Build.0 = Release|x64
		{59F2F83C-D893-4495-8E4F-BF922F5A61C5}.Release|x64.Deploy.0 = Release|x64
		{59F2F83C-D893-4495-8E4F-BF922F5A61C5}.Release|x86.ActiveCfg = Release|x86
		{59F2F83C-D893-4495-8E4F-BF922F5A61C5}.Release|x86.Build.0 = Release|x86
		{59F2F83C-D893-4495-8E4F-BF922F5A61C5}.Release|x86.Deploy.0 = Release|x86
		{8B11AE18-E702-4E50-B2CB-EBE295D43AE7}.Debug|Any CPU.ActiveCfg = Debug|Any CPU
		{8B11AE18-E702-4E50-B2CB-EBE295D43AE7}.Debug|Any CPU.Build.0 = Debug|Any CPU
		{8B11AE18-E702-4E50-B2CB-EBE295D43AE7}.Debug|Any CPU.Deploy.0 = Debug|Any CPU
		{8B11AE18-E702-4E50-B2CB-EBE295D43AE7}.Debug|ARM.ActiveCfg = Debug|Any CPU
		{8B11AE18-E702-4E50-B2CB-EBE295D43AE7}.Debug|ARM.Build.0 = Debug|Any CPU
		{8B11AE18-E702-4E50-B2CB-EBE295D43AE7}.Debug|ARM.Deploy.0 = Debug|Any CPU
		{8B11AE18-E702-4E50-B2CB-EBE295D43AE7}.Debug|iPhone.ActiveCfg = Debug|Any CPU
		{8B11AE18-E702-4E50-B2CB-EBE295D43AE7}.Debug|iPhone.Build.0 = Debug|Any CPU
		{8B11AE18-E702-4E50-B2CB-EBE295D43AE7}.Debug|iPhone.Deploy.0 = Debug|Any CPU
		{8B11AE18-E702-4E50-B2CB-EBE295D43AE7}.Debug|iPhoneSimulator.ActiveCfg = Debug|Any CPU
		{8B11AE18-E702-4E50-B2CB-EBE295D43AE7}.Debug|iPhoneSimulator.Build.0 = Debug|Any CPU
		{8B11AE18-E702-4E50-B2CB-EBE295D43AE7}.Debug|iPhoneSimulator.Deploy.0 = Debug|Any CPU
		{8B11AE18-E702-4E50-B2CB-EBE295D43AE7}.Debug|x64.ActiveCfg = Debug|Any CPU
		{8B11AE18-E702-4E50-B2CB-EBE295D43AE7}.Debug|x64.Build.0 = Debug|Any CPU
		{8B11AE18-E702-4E50-B2CB-EBE295D43AE7}.Debug|x64.Deploy.0 = Debug|Any CPU
		{8B11AE18-E702-4E50-B2CB-EBE295D43AE7}.Debug|x86.ActiveCfg = Debug|Any CPU
		{8B11AE18-E702-4E50-B2CB-EBE295D43AE7}.Debug|x86.Build.0 = Debug|Any CPU
		{8B11AE18-E702-4E50-B2CB-EBE295D43AE7}.Debug|x86.Deploy.0 = Debug|Any CPU
		{8B11AE18-E702-4E50-B2CB-EBE295D43AE7}.Release|Any CPU.ActiveCfg = Release|Any CPU
		{8B11AE18-E702-4E50-B2CB-EBE295D43AE7}.Release|Any CPU.Build.0 = Release|Any CPU
		{8B11AE18-E702-4E50-B2CB-EBE295D43AE7}.Release|Any CPU.Deploy.0 = Release|Any CPU
		{8B11AE18-E702-4E50-B2CB-EBE295D43AE7}.Release|ARM.ActiveCfg = Release|Any CPU
		{8B11AE18-E702-4E50-B2CB-EBE295D43AE7}.Release|ARM.Build.0 = Release|Any CPU
		{8B11AE18-E702-4E50-B2CB-EBE295D43AE7}.Release|ARM.Deploy.0 = Release|Any CPU
		{8B11AE18-E702-4E50-B2CB-EBE295D43AE7}.Release|iPhone.ActiveCfg = Release|Any CPU
		{8B11AE18-E702-4E50-B2CB-EBE295D43AE7}.Release|iPhone.Build.0 = Release|Any CPU
		{8B11AE18-E702-4E50-B2CB-EBE295D43AE7}.Release|iPhone.Deploy.0 = Release|Any CPU
		{8B11AE18-E702-4E50-B2CB-EBE295D43AE7}.Release|iPhoneSimulator.ActiveCfg = Release|Any CPU
		{8B11AE18-E702-4E50-B2CB-EBE295D43AE7}.Release|iPhoneSimulator.Build.0 = Release|Any CPU
		{8B11AE18-E702-4E50-B2CB-EBE295D43AE7}.Release|iPhoneSimulator.Deploy.0 = Release|Any CPU
		{8B11AE18-E702-4E50-B2CB-EBE295D43AE7}.Release|x64.ActiveCfg = Release|Any CPU
		{8B11AE18-E702-4E50-B2CB-EBE295D43AE7}.Release|x64.Build.0 = Release|Any CPU
		{8B11AE18-E702-4E50-B2CB-EBE295D43AE7}.Release|x64.Deploy.0 = Release|Any CPU
		{8B11AE18-E702-4E50-B2CB-EBE295D43AE7}.Release|x86.ActiveCfg = Release|Any CPU
		{8B11AE18-E702-4E50-B2CB-EBE295D43AE7}.Release|x86.Build.0 = Release|Any CPU
		{8B11AE18-E702-4E50-B2CB-EBE295D43AE7}.Release|x86.Deploy.0 = Release|Any CPU
		{2B52DC98-F05E-4E32-B4AF-8ECCFF2403EF}.Debug|Any CPU.ActiveCfg = Debug|iPhone
		{2B52DC98-F05E-4E32-B4AF-8ECCFF2403EF}.Debug|Any CPU.Build.0 = Debug|iPhone
		{2B52DC98-F05E-4E32-B4AF-8ECCFF2403EF}.Debug|Any CPU.Deploy.0 = Debug|iPhone
		{2B52DC98-F05E-4E32-B4AF-8ECCFF2403EF}.Debug|ARM.ActiveCfg = Debug|iPhoneSimulator
		{2B52DC98-F05E-4E32-B4AF-8ECCFF2403EF}.Debug|ARM.Build.0 = Debug|iPhoneSimulator
		{2B52DC98-F05E-4E32-B4AF-8ECCFF2403EF}.Debug|ARM.Deploy.0 = Debug|iPhoneSimulator
		{2B52DC98-F05E-4E32-B4AF-8ECCFF2403EF}.Debug|iPhone.ActiveCfg = Debug|iPhone
		{2B52DC98-F05E-4E32-B4AF-8ECCFF2403EF}.Debug|iPhone.Build.0 = Debug|iPhone
		{2B52DC98-F05E-4E32-B4AF-8ECCFF2403EF}.Debug|iPhone.Deploy.0 = Debug|iPhone
		{2B52DC98-F05E-4E32-B4AF-8ECCFF2403EF}.Debug|iPhoneSimulator.ActiveCfg = Debug|iPhoneSimulator
		{2B52DC98-F05E-4E32-B4AF-8ECCFF2403EF}.Debug|iPhoneSimulator.Build.0 = Debug|iPhoneSimulator
		{2B52DC98-F05E-4E32-B4AF-8ECCFF2403EF}.Debug|iPhoneSimulator.Deploy.0 = Debug|iPhoneSimulator
		{2B52DC98-F05E-4E32-B4AF-8ECCFF2403EF}.Debug|x64.ActiveCfg = Debug|iPhone
		{2B52DC98-F05E-4E32-B4AF-8ECCFF2403EF}.Debug|x64.Build.0 = Debug|iPhone
		{2B52DC98-F05E-4E32-B4AF-8ECCFF2403EF}.Debug|x64.Deploy.0 = Debug|iPhone
		{2B52DC98-F05E-4E32-B4AF-8ECCFF2403EF}.Debug|x86.ActiveCfg = Debug|iPhone
		{2B52DC98-F05E-4E32-B4AF-8ECCFF2403EF}.Debug|x86.Build.0 = Debug|iPhone
		{2B52DC98-F05E-4E32-B4AF-8ECCFF2403EF}.Debug|x86.Deploy.0 = Debug|iPhone
		{2B52DC98-F05E-4E32-B4AF-8ECCFF2403EF}.Release|Any CPU.ActiveCfg = Release|iPhone
		{2B52DC98-F05E-4E32-B4AF-8ECCFF2403EF}.Release|Any CPU.Build.0 = Release|iPhone
		{2B52DC98-F05E-4E32-B4AF-8ECCFF2403EF}.Release|Any CPU.Deploy.0 = Release|iPhone
		{2B52DC98-F05E-4E32-B4AF-8ECCFF2403EF}.Release|ARM.ActiveCfg = Release|iPhone
		{2B52DC98-F05E-4E32-B4AF-8ECCFF2403EF}.Release|ARM.Build.0 = Release|iPhone
		{2B52DC98-F05E-4E32-B4AF-8ECCFF2403EF}.Release|ARM.Deploy.0 = Release|iPhone
		{2B52DC98-F05E-4E32-B4AF-8ECCFF2403EF}.Release|iPhone.ActiveCfg = Release|iPhone
		{2B52DC98-F05E-4E32-B4AF-8ECCFF2403EF}.Release|iPhone.Build.0 = Release|iPhone
		{2B52DC98-F05E-4E32-B4AF-8ECCFF2403EF}.Release|iPhone.Deploy.0 = Release|iPhone
		{2B52DC98-F05E-4E32-B4AF-8ECCFF2403EF}.Release|iPhoneSimulator.ActiveCfg = Release|iPhoneSimulator
		{2B52DC98-F05E-4E32-B4AF-8ECCFF2403EF}.Release|iPhoneSimulator.Build.0 = Release|iPhoneSimulator
		{2B52DC98-F05E-4E32-B4AF-8ECCFF2403EF}.Release|iPhoneSimulator.Deploy.0 = Release|iPhoneSimulator
		{2B52DC98-F05E-4E32-B4AF-8ECCFF2403EF}.Release|x64.ActiveCfg = Release|iPhone
		{2B52DC98-F05E-4E32-B4AF-8ECCFF2403EF}.Release|x64.Build.0 = Release|iPhone
		{2B52DC98-F05E-4E32-B4AF-8ECCFF2403EF}.Release|x64.Deploy.0 = Release|iPhone
		{2B52DC98-F05E-4E32-B4AF-8ECCFF2403EF}.Release|x86.ActiveCfg = Release|iPhone
		{2B52DC98-F05E-4E32-B4AF-8ECCFF2403EF}.Release|x86.Build.0 = Release|iPhone
		{2B52DC98-F05E-4E32-B4AF-8ECCFF2403EF}.Release|x86.Deploy.0 = Release|iPhone
		{9C6642B6-F3BA-4E8C-811E-849EF815B5B2}.Debug|Any CPU.ActiveCfg = Debug|Any CPU
		{9C6642B6-F3BA-4E8C-811E-849EF815B5B2}.Debug|Any CPU.Build.0 = Debug|Any CPU
		{9C6642B6-F3BA-4E8C-811E-849EF815B5B2}.Debug|Any CPU.Deploy.0 = Debug|Any CPU
		{9C6642B6-F3BA-4E8C-811E-849EF815B5B2}.Debug|ARM.ActiveCfg = Debug|Any CPU
		{9C6642B6-F3BA-4E8C-811E-849EF815B5B2}.Debug|ARM.Build.0 = Debug|Any CPU
		{9C6642B6-F3BA-4E8C-811E-849EF815B5B2}.Debug|ARM.Deploy.0 = Debug|Any CPU
		{9C6642B6-F3BA-4E8C-811E-849EF815B5B2}.Debug|iPhone.ActiveCfg = Debug|Any CPU
		{9C6642B6-F3BA-4E8C-811E-849EF815B5B2}.Debug|iPhone.Build.0 = Debug|Any CPU
		{9C6642B6-F3BA-4E8C-811E-849EF815B5B2}.Debug|iPhone.Deploy.0 = Debug|Any CPU
		{9C6642B6-F3BA-4E8C-811E-849EF815B5B2}.Debug|iPhoneSimulator.ActiveCfg = Debug|Any CPU
		{9C6642B6-F3BA-4E8C-811E-849EF815B5B2}.Debug|iPhoneSimulator.Build.0 = Debug|Any CPU
		{9C6642B6-F3BA-4E8C-811E-849EF815B5B2}.Debug|iPhoneSimulator.Deploy.0 = Debug|Any CPU
		{9C6642B6-F3BA-4E8C-811E-849EF815B5B2}.Debug|x64.ActiveCfg = Debug|Any CPU
		{9C6642B6-F3BA-4E8C-811E-849EF815B5B2}.Debug|x64.Build.0 = Debug|Any CPU
		{9C6642B6-F3BA-4E8C-811E-849EF815B5B2}.Debug|x64.Deploy.0 = Debug|Any CPU
		{9C6642B6-F3BA-4E8C-811E-849EF815B5B2}.Debug|x86.ActiveCfg = Debug|Any CPU
		{9C6642B6-F3BA-4E8C-811E-849EF815B5B2}.Debug|x86.Build.0 = Debug|Any CPU
		{9C6642B6-F3BA-4E8C-811E-849EF815B5B2}.Debug|x86.Deploy.0 = Debug|Any CPU
		{9C6642B6-F3BA-4E8C-811E-849EF815B5B2}.Release|Any CPU.ActiveCfg = Release|Any CPU
		{9C6642B6-F3BA-4E8C-811E-849EF815B5B2}.Release|Any CPU.Build.0 = Release|Any CPU
		{9C6642B6-F3BA-4E8C-811E-849EF815B5B2}.Release|Any CPU.Deploy.0 = Release|Any CPU
		{9C6642B6-F3BA-4E8C-811E-849EF815B5B2}.Release|ARM.ActiveCfg = Release|Any CPU
		{9C6642B6-F3BA-4E8C-811E-849EF815B5B2}.Release|ARM.Build.0 = Release|Any CPU
		{9C6642B6-F3BA-4E8C-811E-849EF815B5B2}.Release|ARM.Deploy.0 = Release|Any CPU
		{9C6642B6-F3BA-4E8C-811E-849EF815B5B2}.Release|iPhone.ActiveCfg = Release|Any CPU
		{9C6642B6-F3BA-4E8C-811E-849EF815B5B2}.Release|iPhone.Build.0 = Release|Any CPU
		{9C6642B6-F3BA-4E8C-811E-849EF815B5B2}.Release|iPhone.Deploy.0 = Release|Any CPU
		{9C6642B6-F3BA-4E8C-811E-849EF815B5B2}.Release|iPhoneSimulator.ActiveCfg = Release|Any CPU
		{9C6642B6-F3BA-4E8C-811E-849EF815B5B2}.Release|iPhoneSimulator.Build.0 = Release|Any CPU
		{9C6642B6-F3BA-4E8C-811E-849EF815B5B2}.Release|iPhoneSimulator.Deploy.0 = Release|Any CPU
		{9C6642B6-F3BA-4E8C-811E-849EF815B5B2}.Release|x64.ActiveCfg = Release|Any CPU
		{9C6642B6-F3BA-4E8C-811E-849EF815B5B2}.Release|x64.Build.0 = Release|Any CPU
		{9C6642B6-F3BA-4E8C-811E-849EF815B5B2}.Release|x64.Deploy.0 = Release|Any CPU
		{9C6642B6-F3BA-4E8C-811E-849EF815B5B2}.Release|x86.ActiveCfg = Release|Any CPU
		{9C6642B6-F3BA-4E8C-811E-849EF815B5B2}.Release|x86.Build.0 = Release|Any CPU
		{9C6642B6-F3BA-4E8C-811E-849EF815B5B2}.Release|x86.Deploy.0 = Release|Any CPU
		{9E9F4EF2-5E25-4C56-BA57-401ACCB35461}.Debug|Any CPU.ActiveCfg = Debug|Any CPU
		{9E9F4EF2-5E25-4C56-BA57-401ACCB35461}.Debug|Any CPU.Build.0 = Debug|Any CPU
		{9E9F4EF2-5E25-4C56-BA57-401ACCB35461}.Debug|ARM.ActiveCfg = Debug|Any CPU
		{9E9F4EF2-5E25-4C56-BA57-401ACCB35461}.Debug|ARM.Build.0 = Debug|Any CPU
		{9E9F4EF2-5E25-4C56-BA57-401ACCB35461}.Debug|iPhone.ActiveCfg = Debug|Any CPU
		{9E9F4EF2-5E25-4C56-BA57-401ACCB35461}.Debug|iPhone.Build.0 = Debug|Any CPU
		{9E9F4EF2-5E25-4C56-BA57-401ACCB35461}.Debug|iPhoneSimulator.ActiveCfg = Debug|Any CPU
		{9E9F4EF2-5E25-4C56-BA57-401ACCB35461}.Debug|iPhoneSimulator.Build.0 = Debug|Any CPU
		{9E9F4EF2-5E25-4C56-BA57-401ACCB35461}.Debug|x64.ActiveCfg = Debug|Any CPU
		{9E9F4EF2-5E25-4C56-BA57-401ACCB35461}.Debug|x64.Build.0 = Debug|Any CPU
		{9E9F4EF2-5E25-4C56-BA57-401ACCB35461}.Debug|x86.ActiveCfg = Debug|Any CPU
		{9E9F4EF2-5E25-4C56-BA57-401ACCB35461}.Debug|x86.Build.0 = Debug|Any CPU
		{9E9F4EF2-5E25-4C56-BA57-401ACCB35461}.Release|Any CPU.ActiveCfg = Release|Any CPU
		{9E9F4EF2-5E25-4C56-BA57-401ACCB35461}.Release|Any CPU.Build.0 = Release|Any CPU
		{9E9F4EF2-5E25-4C56-BA57-401ACCB35461}.Release|ARM.ActiveCfg = Release|Any CPU
		{9E9F4EF2-5E25-4C56-BA57-401ACCB35461}.Release|ARM.Build.0 = Release|Any CPU
		{9E9F4EF2-5E25-4C56-BA57-401ACCB35461}.Release|iPhone.ActiveCfg = Release|Any CPU
		{9E9F4EF2-5E25-4C56-BA57-401ACCB35461}.Release|iPhone.Build.0 = Release|Any CPU
		{9E9F4EF2-5E25-4C56-BA57-401ACCB35461}.Release|iPhoneSimulator.ActiveCfg = Release|Any CPU
		{9E9F4EF2-5E25-4C56-BA57-401ACCB35461}.Release|iPhoneSimulator.Build.0 = Release|Any CPU
		{9E9F4EF2-5E25-4C56-BA57-401ACCB35461}.Release|x64.ActiveCfg = Release|Any CPU
		{9E9F4EF2-5E25-4C56-BA57-401ACCB35461}.Release|x64.Build.0 = Release|Any CPU
		{9E9F4EF2-5E25-4C56-BA57-401ACCB35461}.Release|x86.ActiveCfg = Release|Any CPU
		{9E9F4EF2-5E25-4C56-BA57-401ACCB35461}.Release|x86.Build.0 = Release|Any CPU
		{306799DD-B876-4A49-9649-8F54E2D8BD58}.Debug|Any CPU.ActiveCfg = Debug|Any CPU
		{306799DD-B876-4A49-9649-8F54E2D8BD58}.Debug|Any CPU.Build.0 = Debug|Any CPU
		{306799DD-B876-4A49-9649-8F54E2D8BD58}.Debug|ARM.ActiveCfg = Debug|Any CPU
		{306799DD-B876-4A49-9649-8F54E2D8BD58}.Debug|ARM.Build.0 = Debug|Any CPU
		{306799DD-B876-4A49-9649-8F54E2D8BD58}.Debug|iPhone.ActiveCfg = Debug|Any CPU
		{306799DD-B876-4A49-9649-8F54E2D8BD58}.Debug|iPhone.Build.0 = Debug|Any CPU
		{306799DD-B876-4A49-9649-8F54E2D8BD58}.Debug|iPhoneSimulator.ActiveCfg = Debug|Any CPU
		{306799DD-B876-4A49-9649-8F54E2D8BD58}.Debug|iPhoneSimulator.Build.0 = Debug|Any CPU
		{306799DD-B876-4A49-9649-8F54E2D8BD58}.Debug|x64.ActiveCfg = Debug|Any CPU
		{306799DD-B876-4A49-9649-8F54E2D8BD58}.Debug|x64.Build.0 = Debug|Any CPU
		{306799DD-B876-4A49-9649-8F54E2D8BD58}.Debug|x86.ActiveCfg = Debug|Any CPU
		{306799DD-B876-4A49-9649-8F54E2D8BD58}.Debug|x86.Build.0 = Debug|Any CPU
		{306799DD-B876-4A49-9649-8F54E2D8BD58}.Release|Any CPU.ActiveCfg = Release|Any CPU
		{306799DD-B876-4A49-9649-8F54E2D8BD58}.Release|Any CPU.Build.0 = Release|Any CPU
		{306799DD-B876-4A49-9649-8F54E2D8BD58}.Release|ARM.ActiveCfg = Release|Any CPU
		{306799DD-B876-4A49-9649-8F54E2D8BD58}.Release|ARM.Build.0 = Release|Any CPU
		{306799DD-B876-4A49-9649-8F54E2D8BD58}.Release|iPhone.ActiveCfg = Release|Any CPU
		{306799DD-B876-4A49-9649-8F54E2D8BD58}.Release|iPhone.Build.0 = Release|Any CPU
		{306799DD-B876-4A49-9649-8F54E2D8BD58}.Release|iPhoneSimulator.ActiveCfg = Release|Any CPU
		{306799DD-B876-4A49-9649-8F54E2D8BD58}.Release|iPhoneSimulator.Build.0 = Release|Any CPU
		{306799DD-B876-4A49-9649-8F54E2D8BD58}.Release|x64.ActiveCfg = Release|Any CPU
		{306799DD-B876-4A49-9649-8F54E2D8BD58}.Release|x64.Build.0 = Release|Any CPU
		{306799DD-B876-4A49-9649-8F54E2D8BD58}.Release|x86.ActiveCfg = Release|Any CPU
		{306799DD-B876-4A49-9649-8F54E2D8BD58}.Release|x86.Build.0 = Release|Any CPU
	EndGlobalSection
	GlobalSection(SolutionProperties) = preSolution
		HideSolutionNode = FALSE
	EndGlobalSection
	GlobalSection(ExtensibilityGlobals) = postSolution
		SolutionGuid = {7B84E541-845B-4AA3-B894-2281B4C212FD}
	EndGlobalSection
EndGlobal
