
Microsoft Visual Studio Solution File, Format Version 12.00
# Visual Studio Version 16
VisualStudioVersion = 16.0.29418.71
MinimumVisualStudioVersion = 10.0.40219.1
Project("{FAE04EC0-301F-11D3-BF4B-00C04F79EFBC}") = "XorApp.UWP", "XorApp\XorApp.UWP\XorApp.UWP.csproj", "{AD5D7B47-2F2E-4C44-8E67-107C285B91F5}"
EndProject
Project("{FAE04EC0-301F-11D3-BF4B-00C04F79EFBC}") = "XorApp.Android", "XorApp\XorApp.Android\XorApp.Android.csproj", "{2FA732CE-54BB-4383-B544-2D57F9276A34}"
EndProject
Project("{FAE04EC0-301F-11D3-BF4B-00C04F79EFBC}") = "XorApp.iOS", "XorApp\XorApp.iOS\XorApp.iOS.csproj", "{3242600C-F2E4-475F-A672-0F8C617ADE9B}"
EndProject
Project("{FAE04EC0-301F-11D3-BF4B-00C04F79EFBC}") = "XorApp", "XorApp\XorApp\XorApp.csproj", "{29A4ED34-D799-4479-BE16-C0EAFC78F2FF}"
EndProject
Global
	GlobalSection(SolutionConfigurationPlatforms) = preSolution
		Debug|Any CPU = Debug|Any CPU
		Debug|ARM = Debug|ARM
		Debug|iPhone = Debug|iPhone
		Debug|iPhoneSimulator = Debug|iPhoneSimulator
		Debug|x64 = Debug|x64
		Debug|x86 = Debug|x86
		Release|Any CPU = Release|Any CPU
		Release|ARM = Release|ARM
		Release|iPhone = Release|iPhone
		Release|iPhoneSimulator = Release|iPhoneSimulator
		Release|x64 = Release|x64
		Release|x86 = Release|x86
	EndGlobalSection
	GlobalSection(ProjectConfigurationPlatforms) = postSolution
		{AD5D7B47-2F2E-4C44-8E67-107C285B91F5}.Debug|Any CPU.ActiveCfg = Debug|x86
		{AD5D7B47-2F2E-4C44-8E67-107C285B91F5}.Debug|Any CPU.Build.0 = Debug|x86
		{AD5D7B47-2F2E-4C44-8E67-107C285B91F5}.Debug|Any CPU.Deploy.0 = Debug|x86
		{AD5D7B47-2F2E-4C44-8E67-107C285B91F5}.Debug|ARM.ActiveCfg = Debug|ARM
		{AD5D7B47-2F2E-4C44-8E67-107C285B91F5}.Debug|ARM.Build.0 = Debug|ARM
		{AD5D7B47-2F2E-4C44-8E67-107C285B91F5}.Debug|ARM.Deploy.0 = Debug|ARM
		{AD5D7B47-2F2E-4C44-8E67-107C285B91F5}.Debug|iPhone.ActiveCfg = Debug|x86
		{AD5D7B47-2F2E-4C44-8E67-107C285B91F5}.Debug|iPhone.Build.0 = Debug|x86
		{AD5D7B47-2F2E-4C44-8E67-107C285B91F5}.Debug|iPhone.Deploy.0 = Debug|x86
		{AD5D7B47-2F2E-4C44-8E67-107C285B91F5}.Debug|iPhoneSimulator.ActiveCfg = Debug|x86
		{AD5D7B47-2F2E-4C44-8E67-107C285B91F5}.Debug|iPhoneSimulator.Build.0 = Debug|x86
		{AD5D7B47-2F2E-4C44-8E67-107C285B91F5}.Debug|iPhoneSimulator.Deploy.0 = Debug|x86
		{AD5D7B47-2F2E-4C44-8E67-107C285B91F5}.Debug|x64.ActiveCfg = Debug|x64
		{AD5D7B47-2F2E-4C44-8E67-107C285B91F5}.Debug|x64.Build.0 = Debug|x64
		{AD5D7B47-2F2E-4C44-8E67-107C285B91F5}.Debug|x64.Deploy.0 = Debug|x64
		{AD5D7B47-2F2E-4C44-8E67-107C285B91F5}.Debug|x86.ActiveCfg = Debug|x86
		{AD5D7B47-2F2E-4C44-8E67-107C285B91F5}.Debug|x86.Build.0 = Debug|x86
		{AD5D7B47-2F2E-4C44-8E67-107C285B91F5}.Debug|x86.Deploy.0 = Debug|x86
		{AD5D7B47-2F2E-4C44-8E67-107C285B91F5}.Release|Any CPU.ActiveCfg = Release|x86
		{AD5D7B47-2F2E-4C44-8E67-107C285B91F5}.Release|Any CPU.Build.0 = Release|x86
		{AD5D7B47-2F2E-4C44-8E67-107C285B91F5}.Release|Any CPU.Deploy.0 = Release|x86
		{AD5D7B47-2F2E-4C44-8E67-107C285B91F5}.Release|ARM.ActiveCfg = Release|ARM
		{AD5D7B47-2F2E-4C44-8E67-107C285B91F5}.Release|ARM.Build.0 = Release|ARM
		{AD5D7B47-2F2E-4C44-8E67-107C285B91F5}.Release|ARM.Deploy.0 = Release|ARM
		{AD5D7B47-2F2E-4C44-8E67-107C285B91F5}.Release|iPhone.ActiveCfg = Release|x86
		{AD5D7B47-2F2E-4C44-8E67-107C285B91F5}.Release|iPhone.Build.0 = Release|x86
		{AD5D7B47-2F2E-4C44-8E67-107C285B91F5}.Release|iPhone.Deploy.0 = Release|x86
		{AD5D7B47-2F2E-4C44-8E67-107C285B91F5}.Release|iPhoneSimulator.ActiveCfg = Release|x86
		{AD5D7B47-2F2E-4C44-8E67-107C285B91F5}.Release|iPhoneSimulator.Build.0 = Release|x86
		{AD5D7B47-2F2E-4C44-8E67-107C285B91F5}.Release|iPhoneSimulator.Deploy.0 = Release|x86
		{AD5D7B47-2F2E-4C44-8E67-107C285B91F5}.Release|x64.ActiveCfg = Release|x64
		{AD5D7B47-2F2E-4C44-8E67-107C285B91F5}.Release|x64.Build.0 = Release|x64
		{AD5D7B47-2F2E-4C44-8E67-107C285B91F5}.Release|x64.Deploy.0 = Release|x64
		{AD5D7B47-2F2E-4C44-8E67-107C285B91F5}.Release|x86.ActiveCfg = Release|x86
		{AD5D7B47-2F2E-4C44-8E67-107C285B91F5}.Release|x86.Build.0 = Release|x86
		{AD5D7B47-2F2E-4C44-8E67-107C285B91F5}.Release|x86.Deploy.0 = Release|x86
		{2FA732CE-54BB-4383-B544-2D57F9276A34}.Debug|Any CPU.ActiveCfg = Debug|Any CPU
		{2FA732CE-54BB-4383-B544-2D57F9276A34}.Debug|Any CPU.Build.0 = Debug|Any CPU
		{2FA732CE-54BB-4383-B544-2D57F9276A34}.Debug|Any CPU.Deploy.0 = Debug|Any CPU
		{2FA732CE-54BB-4383-B544-2D57F9276A34}.Debug|ARM.ActiveCfg = Debug|Any CPU
		{2FA732CE-54BB-4383-B544-2D57F9276A34}.Debug|ARM.Build.0 = Debug|Any CPU
		{2FA732CE-54BB-4383-B544-2D57F9276A34}.Debug|ARM.Deploy.0 = Debug|Any CPU
		{2FA732CE-54BB-4383-B544-2D57F9276A34}.Debug|iPhone.ActiveCfg = Debug|Any CPU
		{2FA732CE-54BB-4383-B544-2D57F9276A34}.Debug|iPhone.Build.0 = Debug|Any CPU
		{2FA732CE-54BB-4383-B544-2D57F9276A34}.Debug|iPhone.Deploy.0 = Debug|Any CPU
		{2FA732CE-54BB-4383-B544-2D57F9276A34}.Debug|iPhoneSimulator.ActiveCfg = Debug|Any CPU
		{2FA732CE-54BB-4383-B544-2D57F9276A34}.Debug|iPhoneSimulator.Build.0 = Debug|Any CPU
		{2FA732CE-54BB-4383-B544-2D57F9276A34}.Debug|iPhoneSimulator.Deploy.0 = Debug|Any CPU
		{2FA732CE-54BB-4383-B544-2D57F9276A34}.Debug|x64.ActiveCfg = Debug|Any CPU
		{2FA732CE-54BB-4383-B544-2D57F9276A34}.Debug|x64.Build.0 = Debug|Any CPU
		{2FA732CE-54BB-4383-B544-2D57F9276A34}.Debug|x64.Deploy.0 = Debug|Any CPU
		{2FA732CE-54BB-4383-B544-2D57F9276A34}.Debug|x86.ActiveCfg = Debug|Any CPU
		{2FA732CE-54BB-4383-B544-2D57F9276A34}.Debug|x86.Build.0 = Debug|Any CPU
		{2FA732CE-54BB-4383-B544-2D57F9276A34}.Debug|x86.Deploy.0 = Debug|Any CPU
		{2FA732CE-54BB-4383-B544-2D57F9276A34}.Release|Any CPU.ActiveCfg = Release|Any CPU
		{2FA732CE-54BB-4383-B544-2D57F9276A34}.Release|Any CPU.Build.0 = Release|Any CPU
		{2FA732CE-54BB-4383-B544-2D57F9276A34}.Release|Any CPU.Deploy.0 = Release|Any CPU
		{2FA732CE-54BB-4383-B544-2D57F9276A34}.Release|ARM.ActiveCfg = Release|Any CPU
		{2FA732CE-54BB-4383-B544-2D57F9276A34}.Release|ARM.Build.0 = Release|Any CPU
		{2FA732CE-54BB-4383-B544-2D57F9276A34}.Release|ARM.Deploy.0 = Release|Any CPU
		{2FA732CE-54BB-4383-B544-2D57F9276A34}.Release|iPhone.ActiveCfg = Release|Any CPU
		{2FA732CE-54BB-4383-B544-2D57F9276A34}.Release|iPhone.Build.0 = Release|Any CPU
		{2FA732CE-54BB-4383-B544-2D57F9276A34}.Release|iPhone.Deploy.0 = Release|Any CPU
		{2FA732CE-54BB-4383-B544-2D57F9276A34}.Release|iPhoneSimulator.ActiveCfg = Release|Any CPU
		{2FA732CE-54BB-4383-B544-2D57F9276A34}.Release|iPhoneSimulator.Build.0 = Release|Any CPU
		{2FA732CE-54BB-4383-B544-2D57F9276A34}.Release|iPhoneSimulator.Deploy.0 = Release|Any CPU
		{2FA732CE-54BB-4383-B544-2D57F9276A34}.Release|x64.ActiveCfg = Release|Any CPU
		{2FA732CE-54BB-4383-B544-2D57F9276A34}.Release|x64.Build.0 = Release|Any CPU
		{2FA732CE-54BB-4383-B544-2D57F9276A34}.Release|x64.Deploy.0 = Release|Any CPU
		{2FA732CE-54BB-4383-B544-2D57F9276A34}.Release|x86.ActiveCfg = Release|Any CPU
		{2FA732CE-54BB-4383-B544-2D57F9276A34}.Release|x86.Build.0 = Release|Any CPU
		{2FA732CE-54BB-4383-B544-2D57F9276A34}.Release|x86.Deploy.0 = Release|Any CPU
		{3242600C-F2E4-475F-A672-0F8C617ADE9B}.Debug|Any CPU.ActiveCfg = Debug|iPhone
		{3242600C-F2E4-475F-A672-0F8C617ADE9B}.Debug|Any CPU.Build.0 = Debug|iPhone
		{3242600C-F2E4-475F-A672-0F8C617ADE9B}.Debug|Any CPU.Deploy.0 = Debug|iPhone
		{3242600C-F2E4-475F-A672-0F8C617ADE9B}.Debug|ARM.ActiveCfg = Debug|iPhoneSimulator
		{3242600C-F2E4-475F-A672-0F8C617ADE9B}.Debug|ARM.Build.0 = Debug|iPhoneSimulator
		{3242600C-F2E4-475F-A672-0F8C617ADE9B}.Debug|ARM.Deploy.0 = Debug|iPhoneSimulator
		{3242600C-F2E4-475F-A672-0F8C617ADE9B}.Debug|iPhone.ActiveCfg = Debug|iPhone
		{3242600C-F2E4-475F-A672-0F8C617ADE9B}.Debug|iPhone.Build.0 = Debug|iPhone
		{3242600C-F2E4-475F-A672-0F8C617ADE9B}.Debug|iPhone.Deploy.0 = Debug|iPhone
		{3242600C-F2E4-475F-A672-0F8C617ADE9B}.Debug|iPhoneSimulator.ActiveCfg = Debug|iPhoneSimulator
		{3242600C-F2E4-475F-A672-0F8C617ADE9B}.Debug|iPhoneSimulator.Build.0 = Debug|iPhoneSimulator
		{3242600C-F2E4-475F-A672-0F8C617ADE9B}.Debug|iPhoneSimulator.Deploy.0 = Debug|iPhoneSimulator
		{3242600C-F2E4-475F-A672-0F8C617ADE9B}.Debug|x64.ActiveCfg = Debug|iPhone
		{3242600C-F2E4-475F-A672-0F8C617ADE9B}.Debug|x64.Build.0 = Debug|iPhone
		{3242600C-F2E4-475F-A672-0F8C617ADE9B}.Debug|x64.Deploy.0 = Debug|iPhone
		{3242600C-F2E4-475F-A672-0F8C617ADE9B}.Debug|x86.ActiveCfg = Debug|iPhone
		{3242600C-F2E4-475F-A672-0F8C617ADE9B}.Debug|x86.Build.0 = Debug|iPhone
		{3242600C-F2E4-475F-A672-0F8C617ADE9B}.Debug|x86.Deploy.0 = Debug|iPhone
		{3242600C-F2E4-475F-A672-0F8C617ADE9B}.Release|Any CPU.ActiveCfg = Release|iPhone
		{3242600C-F2E4-475F-A672-0F8C617ADE9B}.Release|Any CPU.Build.0 = Release|iPhone
		{3242600C-F2E4-475F-A672-0F8C617ADE9B}.Release|Any CPU.Deploy.0 = Release|iPhone
		{3242600C-F2E4-475F-A672-0F8C617ADE9B}.Release|ARM.ActiveCfg = Release|iPhone
		{3242600C-F2E4-475F-A672-0F8C617ADE9B}.Release|ARM.Build.0 = Release|iPhone
		{3242600C-F2E4-475F-A672-0F8C617ADE9B}.Release|ARM.Deploy.0 = Release|iPhone
		{3242600C-F2E4-475F-A672-0F8C617ADE9B}.Release|iPhone.ActiveCfg = Release|iPhone
		{3242600C-F2E4-475F-A672-0F8C617ADE9B}.Release|iPhone.Build.0 = Release|iPhone
		{3242600C-F2E4-475F-A672-0F8C617ADE9B}.Release|iPhone.Deploy.0 = Release|iPhone
		{3242600C-F2E4-475F-A672-0F8C617ADE9B}.Release|iPhoneSimulator.ActiveCfg = Release|iPhoneSimulator
		{3242600C-F2E4-475F-A672-0F8C617ADE9B}.Release|iPhoneSimulator.Build.0 = Release|iPhoneSimulator
		{3242600C-F2E4-475F-A672-0F8C617ADE9B}.Release|iPhoneSimulator.Deploy.0 = Release|iPhoneSimulator
		{3242600C-F2E4-475F-A672-0F8C617ADE9B}.Release|x64.ActiveCfg = Release|iPhone
		{3242600C-F2E4-475F-A672-0F8C617ADE9B}.Release|x64.Build.0 = Release|iPhone
		{3242600C-F2E4-475F-A672-0F8C617ADE9B}.Release|x64.Deploy.0 = Release|iPhone
		{3242600C-F2E4-475F-A672-0F8C617ADE9B}.Release|x86.ActiveCfg = Release|iPhone
		{3242600C-F2E4-475F-A672-0F8C617ADE9B}.Release|x86.Build.0 = Release|iPhone
		{3242600C-F2E4-475F-A672-0F8C617ADE9B}.Release|x86.Deploy.0 = Release|iPhone
		{29A4ED34-D799-4479-BE16-C0EAFC78F2FF}.Debug|Any CPU.ActiveCfg = Debug|Any CPU
		{29A4ED34-D799-4479-BE16-C0EAFC78F2FF}.Debug|Any CPU.Build.0 = Debug|Any CPU
		{29A4ED34-D799-4479-BE16-C0EAFC78F2FF}.Debug|Any CPU.Deploy.0 = Debug|Any CPU
		{29A4ED34-D799-4479-BE16-C0EAFC78F2FF}.Debug|ARM.ActiveCfg = Debug|Any CPU
		{29A4ED34-D799-4479-BE16-C0EAFC78F2FF}.Debug|ARM.Build.0 = Debug|Any CPU
		{29A4ED34-D799-4479-BE16-C0EAFC78F2FF}.Debug|ARM.Deploy.0 = Debug|Any CPU
		{29A4ED34-D799-4479-BE16-C0EAFC78F2FF}.Debug|iPhone.ActiveCfg = Debug|Any CPU
		{29A4ED34-D799-4479-BE16-C0EAFC78F2FF}.Debug|iPhone.Build.0 = Debug|Any CPU
		{29A4ED34-D799-4479-BE16-C0EAFC78F2FF}.Debug|iPhone.Deploy.0 = Debug|Any CPU
		{29A4ED34-D799-4479-BE16-C0EAFC78F2FF}.Debug|iPhoneSimulator.ActiveCfg = Debug|Any CPU
		{29A4ED34-D799-4479-BE16-C0EAFC78F2FF}.Debug|iPhoneSimulator.Build.0 = Debug|Any CPU
		{29A4ED34-D799-4479-BE16-C0EAFC78F2FF}.Debug|iPhoneSimulator.Deploy.0 = Debug|Any CPU
		{29A4ED34-D799-4479-BE16-C0EAFC78F2FF}.Debug|x64.ActiveCfg = Debug|Any CPU
		{29A4ED34-D799-4479-BE16-C0EAFC78F2FF}.Debug|x64.Build.0 = Debug|Any CPU
		{29A4ED34-D799-4479-BE16-C0EAFC78F2FF}.Debug|x64.Deploy.0 = Debug|Any CPU
		{29A4ED34-D799-4479-BE16-C0EAFC78F2FF}.Debug|x86.ActiveCfg = Debug|Any CPU
		{29A4ED34-D799-4479-BE16-C0EAFC78F2FF}.Debug|x86.Build.0 = Debug|Any CPU
		{29A4ED34-D799-4479-BE16-C0EAFC78F2FF}.Debug|x86.Deploy.0 = Debug|Any CPU
		{29A4ED34-D799-4479-BE16-C0EAFC78F2FF}.Release|Any CPU.ActiveCfg = Release|Any CPU
		{29A4ED34-D799-4479-BE16-C0EAFC78F2FF}.Release|Any CPU.Build.0 = Release|Any CPU
		{29A4ED34-D799-4479-BE16-C0EAFC78F2FF}.Release|Any CPU.Deploy.0 = Release|Any CPU
		{29A4ED34-D799-4479-BE16-C0EAFC78F2FF}.Release|ARM.ActiveCfg = Release|Any CPU
		{29A4ED34-D799-4479-BE16-C0EAFC78F2FF}.Release|ARM.Build.0 = Release|Any CPU
		{29A4ED34-D799-4479-BE16-C0EAFC78F2FF}.Release|ARM.Deploy.0 = Release|Any CPU
		{29A4ED34-D799-4479-BE16-C0EAFC78F2FF}.Release|iPhone.ActiveCfg = Release|Any CPU
		{29A4ED34-D799-4479-BE16-C0EAFC78F2FF}.Release|iPhone.Build.0 = Release|Any CPU
		{29A4ED34-D799-4479-BE16-C0EAFC78F2FF}.Release|iPhone.Deploy.0 = Release|Any CPU
		{29A4ED34-D799-4479-BE16-C0EAFC78F2FF}.Release|iPhoneSimulator.ActiveCfg = Release|Any CPU
		{29A4ED34-D799-4479-BE16-C0EAFC78F2FF}.Release|iPhoneSimulator.Build.0 = Release|Any CPU
		{29A4ED34-D799-4479-BE16-C0EAFC78F2FF}.Release|iPhoneSimulator.Deploy.0 = Release|Any CPU
		{29A4ED34-D799-4479-BE16-C0EAFC78F2FF}.Release|x64.ActiveCfg = Release|Any CPU
		{29A4ED34-D799-4479-BE16-C0EAFC78F2FF}.Release|x64.Build.0 = Release|Any CPU
		{29A4ED34-D799-4479-BE16-C0EAFC78F2FF}.Release|x64.Deploy.0 = Release|Any CPU
		{29A4ED34-D799-4479-BE16-C0EAFC78F2FF}.Release|x86.ActiveCfg = Release|Any CPU
		{29A4ED34-D799-4479-BE16-C0EAFC78F2FF}.Release|x86.Build.0 = Release|Any CPU
		{29A4ED34-D799-4479-BE16-C0EAFC78F2FF}.Release|x86.Deploy.0 = Release|Any CPU
	EndGlobalSection
	GlobalSection(SolutionProperties) = preSolution
		HideSolutionNode = FALSE
	EndGlobalSection
	GlobalSection(ExtensibilityGlobals) = postSolution
		SolutionGuid = {711700AE-8DDE-46B6-B03A-135DA557678A}
	EndGlobalSection
EndGlobal
